
Microsoft Visual Studio Solution File, Format Version 12.00
# Visual Studio Version 16
VisualStudioVersion = 16.0.29911.84
MinimumVisualStudioVersion = 10.0.40219.1
Project("{FAE04EC0-301F-11D3-BF4B-00C04F79EFBC}") = "DatabaseBootcampMVC", "DatabaseBootcampMVC.csproj", "{1DD2494B-C070-4E67-B7D9-3AD2E79D5563}"
EndProject
Global
	GlobalSection(SolutionConfigurationPlatforms) = preSolution
		Debug|Any CPU = Debug|Any CPU
		Release|Any CPU = Release|Any CPU
	EndGlobalSection
	GlobalSection(ProjectConfigurationPlatforms) = postSolution
		{1DD2494B-C070-4E67-B7D9-3AD2E79D5563}.Debug|Any CPU.ActiveCfg = Debug|Any CPU
		{1DD2494B-C070-4E67-B7D9-3AD2E79D5563}.Debug|Any CPU.Build.0 = Debug|Any CPU
		{1DD2494B-C070-4E67-B7D9-3AD2E79D5563}.Release|Any CPU.ActiveCfg = Release|Any CPU
		{1DD2494B-C070-4E67-B7D9-3AD2E79D5563}.Release|Any CPU.Build.0 = Release|Any CPU
	EndGlobalSection
	GlobalSection(SolutionProperties) = preSolution
		HideSolutionNode = FALSE
	EndGlobalSection
	GlobalSection(ExtensibilityGlobals) = postSolution
		SolutionGuid = {228E935C-7E5D-4D13-91C8-7D1478A1FC56}
	EndGlobalSection
EndGlobal
